golang.org/x/crypto v0.45.0 h1:jMBrvKuj23MTlT0bQEOBcAE0mjg8mK9RXFhRH6nyF3Q=
golang.org/x/crypto v0.45.0/go.mod h1:XTGrrkGJve7CYK7J8PEww4aY7gM3qMCElcJQ8n8JdX4=
golang.org/x/sys v0.38.0 h1:3yZWxaJjBmCWXqhN1qh02AkOnCQ1poK6oF+a7xWL6Gc=
golang.org/x/sys v0.38.0/go.mod h1:OgkHotnGiDImocRcuBABYBEXf8A9a87e/uXjp9XT3ks=
paepcke.de/airloctag v0.2.2 h1:FXW43cpmQsXaOdwERourgAfAOaXrMXwz9TasGJy4U5A=
paepcke.de/airloctag v0.2.2/go.mod h1:19hosKC4oFB+EdLyBbwgAXP/vNYdlQ8DWs4k2cdiegc=
paepcke.de/daylight v0.1.27 h1:Nf43Z2heqzyLZtgUGsVve25kFTR9awBMWcmfKJ1Xpp4=
paepcke.de/daylight v0.1.27/go.mod h1:ZiKN8z1oRh3MIotPZlKbST5OX0tKHpPlzsxlntggmlg=
paepcke.de/gpstime v0.1.26 h1:92bl6qGmJXUdIvZ+8rvGMyCquB7+0dEP0nTkpY9eLsw=
paepcke.de/gpstime v0.1.26/go.mod h1:dlTBVN+iiS0ODCSs0EyQqZDQhY010HpeS+pWagajuSY=
