golang.org/x/crypto v0.45.0 h1:jMBrvKuj23MTlT0bQEOBcAE0mjg8mK9RXFhRH6nyF3Q=
golang.org/x/crypto v0.45.0/go.mod h1:XTGrrkGJve7CYK7J8PEww4aY7gM3qMCElcJQ8n8JdX4=
golang.org/x/sys v0.38.0 h1:3yZWxaJjBmCWXqhN1qh02AkOnCQ1poK6oF+a7xWL6Gc=
golang.org/x/sys v0.38.0/go.mod h1:OgkHotnGiDImocRcuBABYBEXf8A9a87e/uXjp9XT3ks=
paepcke.de/airloctag v0.2.3 h1:AB28Vaic2ASJLD52YDwJaKVufuiDce4nxSmFgyqUvv8=
paepcke.de/airloctag v0.2.3/go.mod h1:s+YO4sxFGjaC43GQvKoWf8pyLEr8Bby82slS83cY32Q=
paepcke.de/daylight v0.1.46 h1:aOf4LHsYSTQJLk2JvdlmshqqY1Zg+OVIUst0poJqGrc=
paepcke.de/daylight v0.1.46/go.mod h1:OPgPVtwbjqEz4Cwogyhm6KZwqYEFGkk0xwM/Tj0Q9IY=
paepcke.de/gpstime v0.1.27 h1:iJoMywlo6ZbszgiJ/RZk6TiiVa2NjV+9AY5/6Y4VPzM=
paepcke.de/gpstime v0.1.27/go.mod h1:yQ264ZyI7uLp0qO7oV1qbBLwX8UaUEqqkTik8wnDv3k=
